// !$*UTF8*$!
{
	archiveVersion = 1;
	classes = {
	};
	objectVersion = 46;
	objects = {

/* Begin PBXBuildFile section */
		BF7B1F2114467E370088F5DB /* Cocoa.framework in Frameworks */ = {isa = PBXBuildFile; fileRef = BF7B1F2014467E370088F5DB /* Cocoa.framework */; };
		BF7B1F2B14467E380088F5DB /* InfoPlist.strings in Resources */ = {isa = PBXBuildFile; fileRef = BF7B1F2914467E380088F5DB /* InfoPlist.strings */; };
		BF7B1F2D14467E380088F5DB /* main.m in Sources */ = {isa = PBXBuildFile; fileRef = BF7B1F2C14467E380088F5DB /* main.m */; };
		BF7B1F3114467E380088F5DB /* Credits.rtf in Resources */ = {isa = PBXBuildFile; fileRef = BF7B1F2F14467E380088F5DB /* Credits.rtf */; };
		BF7B1F3414467E380088F5DB /* QTimetable.m in Sources */ = {isa = PBXBuildFile; fileRef = BF7B1F3314467E380088F5DB /* QTimetable.m */; };
		BF7B1F3714467E380088F5DB /* QTimetable.xib in Resources */ = {isa = PBXBuildFile; fileRef = BF7B1F3514467E380088F5DB /* QTimetable.xib */; };
		BF7B1F3A14467E380088F5DB /* MainMenu.xib in Resources */ = {isa = PBXBuildFile; fileRef = BF7B1F3814467E380088F5DB /* MainMenu.xib */; };
		BF7B1F4214467E380088F5DB /* SenTestingKit.framework in Frameworks */ = {isa = PBXBuildFile; fileRef = BF7B1F4114467E380088F5DB /* SenTestingKit.framework */; };
		BF7B1F4314467E380088F5DB /* Cocoa.framework in Frameworks */ = {isa = PBXBuildFile; fileRef = BF7B1F2014467E370088F5DB /* Cocoa.framework */; };
		BF7B1F4B14467E380088F5DB /* InfoPlist.strings in Resources */ = {isa = PBXBuildFile; fileRef = BF7B1F4914467E380088F5DB /* InfoPlist.strings */; };
		BF7B1F4D14467E380088F5DB /* QcumberTests.h in Resources */ = {isa = PBXBuildFile; fileRef = BF7B1F4C14467E380088F5DB /* QcumberTests.h */; };
		BF7B1F4F14467E380088F5DB /* QcumberTests.m in Sources */ = {isa = PBXBuildFile; fileRef = BF7B1F4E14467E380088F5DB /* QcumberTests.m */; };
		BF7B1F5B144684E80088F5DB /* CourseManager.m in Sources */ = {isa = PBXBuildFile; fileRef = BF7B1F5A144684E80088F5DB /* CourseManager.m */; };
		BF7B1F5C14469B710088F5DB /* CoreData.framework in Frameworks */ = {isa = PBXBuildFile; fileRef = BF7B1F2414467E370088F5DB /* CoreData.framework */; };
		BF7B1F631446A5DF0088F5DB /* CourseUpdateWindowController.m in Sources */ = {isa = PBXBuildFile; fileRef = BF7B1F621446A5DF0088F5DB /* CourseUpdateWindowController.m */; };
		BF7B1F661446A9E80088F5DB /* CourseUpdateWindowController.xib in Resources */ = {isa = PBXBuildFile; fileRef = BF7B1F651446A9E80088F5DB /* CourseUpdateWindowController.xib */; };
		BF7B1F691446B1370088F5DB /* Qcumber icon.png in Resources */ = {isa = PBXBuildFile; fileRef = BF7B1F681446B1370088F5DB /* Qcumber icon.png */; };
		BF7B1F6B1446B18D0088F5DB /* Qcumber full.png in Resources */ = {isa = PBXBuildFile; fileRef = BF7B1F6A1446B18D0088F5DB /* Qcumber full.png */; };
		BF7B1F6E1446B21A0088F5DB /* QcumberApplicationManager.m in Sources */ = {isa = PBXBuildFile; fileRef = BF7B1F6D1446B21A0088F5DB /* QcumberApplicationManager.m */; };
		BF7B1FA61446C1990088F5DB /* Qcumber.xcdatamodeld in Sources */ = {isa = PBXBuildFile; fileRef = BF7B1FA41446C1990088F5DB /* Qcumber.xcdatamodeld */; };
		BFA6544D14491C7500092612 /* Course.m in Sources */ = {isa = PBXBuildFile; fileRef = BFA6544C14491C7500092612 /* Course.m */; };
/* End PBXBuildFile section */

/* Begin PBXContainerItemProxy section */
		BF7B1F4414467E380088F5DB /* PBXContainerItemProxy */ = {
			isa = PBXContainerItemProxy;
			containerPortal = BF7B1F1314467E370088F5DB /* Project object */;
			proxyType = 1;
			remoteGlobalIDString = BF7B1F1B14467E370088F5DB;
			remoteInfo = Qcumber;
		};
/* End PBXContainerItemProxy section */

/* Begin PBXFileReference section */
		BF7B1F1C14467E370088F5DB /* Qcumber.app */ = {isa = PBXFileReference; explicitFileType = wrapper.application; includeInIndex = 0; path = Qcumber.app; sourceTree = BUILT_PRODUCTS_DIR; };
		BF7B1F2014467E370088F5DB /* Cocoa.framework */ = {isa = PBXFileReference; lastKnownFileType = wrapper.framework; name = Cocoa.framework; path = System/Library/Frameworks/Cocoa.framework; sourceTree = SDKROOT; };
		BF7B1F2314467E370088F5DB /* AppKit.framework */ = {isa = PBXFileReference; lastKnownFileType = wrapper.framework; name = AppKit.framework; path = System/Library/Frameworks/AppKit.framework; sourceTree = SDKROOT; };
		BF7B1F2414467E370088F5DB /* CoreData.framework */ = {isa = PBXFileReference; lastKnownFileType = wrapper.framework; name = CoreData.framework; path = System/Library/Frameworks/CoreData.framework; sourceTree = SDKROOT; };
		BF7B1F2514467E370088F5DB /* Foundation.framework */ = {isa = PBXFileReference; lastKnownFileType = wrapper.framework; name = Foundation.framework; path = System/Library/Frameworks/Foundation.framework; sourceTree = SDKROOT; };
		BF7B1F2814467E380088F5DB /* Qcumber-Info.plist */ = {isa = PBXFileReference; lastKnownFileType = text.plist.xml; path = "Qcumber-Info.plist"; sourceTree = "<group>"; };
		BF7B1F2A14467E380088F5DB /* en */ = {isa = PBXFileReference; lastKnownFileType = text.plist.strings; name = en; path = en.lproj/InfoPlist.strings; sourceTree = "<group>"; };
		BF7B1F2C14467E380088F5DB /* main.m */ = {isa = PBXFileReference; lastKnownFileType = sourcecode.c.objc; path = main.m; sourceTree = "<group>"; };
		BF7B1F2E14467E380088F5DB /* Qcumber-Prefix.pch */ = {isa = PBXFileReference; lastKnownFileType = sourcecode.c.h; path = "Qcumber-Prefix.pch"; sourceTree = "<group>"; };
		BF7B1F3014467E380088F5DB /* en */ = {isa = PBXFileReference; lastKnownFileType = text.rtf; name = en; path = en.lproj/Credits.rtf; sourceTree = "<group>"; };
		BF7B1F3214467E380088F5DB /* QTimetable.h */ = {isa = PBXFileReference; lastKnownFileType = sourcecode.c.h; path = QTimetable.h; sourceTree = "<group>"; };
		BF7B1F3314467E380088F5DB /* QTimetable.m */ = {isa = PBXFileReference; lastKnownFileType = sourcecode.c.objc; path = QTimetable.m; sourceTree = "<group>"; };
		BF7B1F3614467E380088F5DB /* en */ = {isa = PBXFileReference; lastKnownFileType = file.xib; name = en; path = en.lproj/QTimetable.xib; sourceTree = "<group>"; };
		BF7B1F3914467E380088F5DB /* en */ = {isa = PBXFileReference; lastKnownFileType = file.xib; name = en; path = en.lproj/MainMenu.xib; sourceTree = "<group>"; };
		BF7B1F4014467E380088F5DB /* QcumberTests.octest */ = {isa = PBXFileReference; explicitFileType = wrapper.cfbundle; includeInIndex = 0; path = QcumberTests.octest; sourceTree = BUILT_PRODUCTS_DIR; };
		BF7B1F4114467E380088F5DB /* SenTestingKit.framework */ = {isa = PBXFileReference; lastKnownFileType = wrapper.framework; name = SenTestingKit.framework; path = Library/Frameworks/SenTestingKit.framework; sourceTree = DEVELOPER_DIR; };
		BF7B1F4814467E380088F5DB /* QcumberTests-Info.plist */ = {isa = PBXFileReference; lastKnownFileType = text.plist.xml; path = "QcumberTests-Info.plist"; sourceTree = "<group>"; };
		BF7B1F4A14467E380088F5DB /* en */ = {isa = PBXFileReference; lastKnownFileType = text.plist.strings; name = en; path = en.lproj/InfoPlist.strings; sourceTree = "<group>"; };
		BF7B1F4C14467E380088F5DB /* QcumberTests.h */ = {isa = PBXFileReference; lastKnownFileType = sourcecode.c.h; path = QcumberTests.h; sourceTree = "<group>"; };
		BF7B1F4E14467E380088F5DB /* QcumberTests.m */ = {isa = PBXFileReference; lastKnownFileType = sourcecode.c.objc; path = QcumberTests.m; sourceTree = "<group>"; };
		BF7B1F5814467E710088F5DB /* Qcumber.entitlements */ = {isa = PBXFileReference; lastKnownFileType = text.xml; path = Qcumber.entitlements; sourceTree = "<group>"; };
		BF7B1F59144684E80088F5DB /* CourseManager.h */ = {isa = PBXFileReference; fileEncoding = 4; lastKnownFileType = sourcecode.c.h; path = CourseManager.h; sourceTree = "<group>"; };
		BF7B1F5A144684E80088F5DB /* CourseManager.m */ = {isa = PBXFileReference; fileEncoding = 4; lastKnownFileType = sourcecode.c.objc; path = CourseManager.m; sourceTree = "<group>"; };
		BF7B1F611446A5DF0088F5DB /* CourseUpdateWindowController.h */ = {isa = PBXFileReference; fileEncoding = 4; lastKnownFileType = sourcecode.c.h; name = CourseUpdateWindowController.h; path = Launch/CourseUpdateWindowController.h; sourceTree = "<group>"; };
		BF7B1F621446A5DF0088F5DB /* CourseUpdateWindowController.m */ = {isa = PBXFileReference; fileEncoding = 4; lastKnownFileType = sourcecode.c.objc; name = CourseUpdateWindowController.m; path = Launch/CourseUpdateWindowController.m; sourceTree = "<group>"; };
		BF7B1F651446A9E80088F5DB /* CourseUpdateWindowController.xib */ = {isa = PBXFileReference; fileEncoding = 4; lastKnownFileType = file.xib; name = CourseUpdateWindowController.xib; path = Launch/CourseUpdateWindowController.xib; sourceTree = "<group>"; };
		BF7B1F681446B1370088F5DB /* Qcumber icon.png */ = {isa = PBXFileReference; lastKnownFileType = image.png; name = "Qcumber icon.png"; path = "Assets/Qcumber icon.png"; sourceTree = SOURCE_ROOT; };
		BF7B1F6A1446B18D0088F5DB /* Qcumber full.png */ = {isa = PBXFileReference; lastKnownFileType = image.png; name = "Qcumber full.png"; path = "Assets/Qcumber full.png"; sourceTree = SOURCE_ROOT; };
		BF7B1F6C1446B21A0088F5DB /* QcumberApplicationManager.h */ = {isa = PBXFileReference; fileEncoding = 4; lastKnownFileType = sourcecode.c.h; path = QcumberApplicationManager.h; sourceTree = "<group>"; };
		BF7B1F6D1446B21A0088F5DB /* QcumberApplicationManager.m */ = {isa = PBXFileReference; fileEncoding = 4; lastKnownFileType = sourcecode.c.objc; path = QcumberApplicationManager.m; sourceTree = "<group>"; };
		BF7B1FA51446C1990088F5DB /* Qcumber.xcdatamodel */ = {isa = PBXFileReference; lastKnownFileType = wrapper.xcdatamodel; path = Qcumber.xcdatamodel; sourceTree = "<group>"; };
		BFA6544B14491C7500092612 /* Course.h */ = {isa = PBXFileReference; fileEncoding = 4; lastKnownFileType = sourcecode.c.h; name = Course.h; path = Models/Course.h; sourceTree = "<group>"; };
		BFA6544C14491C7500092612 /* Course.m */ = {isa = PBXFileReference; fileEncoding = 4; lastKnownFileType = sourcecode.c.objc; name = Course.m; path = Models/Course.m; sourceTree = "<group>"; };
/* End PBXFileReference section */

/* Begin PBXFrameworksBuildPhase section */
		BF7B1F1914467E370088F5DB /* Frameworks */ = {
			isa = PBXFrameworksBuildPhase;
			buildActionMask = 2147483647;
			files = (
				BF7B1F5C14469B710088F5DB /* CoreData.framework in Frameworks */,
				BF7B1F2114467E370088F5DB /* Cocoa.framework in Frameworks */,
			);
			runOnlyForDeploymentPostprocessing = 0;
		};
		BF7B1F3C14467E380088F5DB /* Frameworks */ = {
			isa = PBXFrameworksBuildPhase;
			buildActionMask = 2147483647;
			files = (
				BF7B1F4214467E380088F5DB /* SenTestingKit.framework in Frameworks */,
				BF7B1F4314467E380088F5DB /* Cocoa.framework in Frameworks */,
			);
			runOnlyForDeploymentPostprocessing = 0;
		};
/* End PBXFrameworksBuildPhase section */

/* Begin PBXGroup section */
		BF7B1F1114467E370088F5DB = {
			isa = PBXGroup;
			children = (
				BF7B1F2614467E370088F5DB /* Qcumber */,
				BF7B1F4614467E380088F5DB /* QcumberTests */,
				BF7B1F1F14467E370088F5DB /* Frameworks */,
				BF7B1F1D14467E370088F5DB /* Products */,
			);
			sourceTree = "<group>";
		};
		BF7B1F1D14467E370088F5DB /* Products */ = {
			isa = PBXGroup;
			children = (
				BF7B1F1C14467E370088F5DB /* Qcumber.app */,
				BF7B1F4014467E380088F5DB /* QcumberTests.octest */,
			);
			name = Products;
			sourceTree = "<group>";
		};
		BF7B1F1F14467E370088F5DB /* Frameworks */ = {
			isa = PBXGroup;
			children = (
				BF7B1F2014467E370088F5DB /* Cocoa.framework */,
				BF7B1F4114467E380088F5DB /* SenTestingKit.framework */,
				BF7B1F2214467E370088F5DB /* Other Frameworks */,
			);
			name = Frameworks;
			sourceTree = "<group>";
		};
		BF7B1F2214467E370088F5DB /* Other Frameworks */ = {
			isa = PBXGroup;
			children = (
				BF7B1F2314467E370088F5DB /* AppKit.framework */,
				BF7B1F2414467E370088F5DB /* CoreData.framework */,
				BF7B1F2514467E370088F5DB /* Foundation.framework */,
			);
			name = "Other Frameworks";
			sourceTree = "<group>";
		};
		BF7B1F2614467E370088F5DB /* Qcumber */ = {
			isa = PBXGroup;
			children = (
				BF7B1F5814467E710088F5DB /* Qcumber.entitlements */,
				BF7B1F3214467E380088F5DB /* QTimetable.h */,
				BF7B1F3314467E380088F5DB /* QTimetable.m */,
				BF7B1F3514467E380088F5DB /* QTimetable.xib */,
				BF7B1F3814467E380088F5DB /* MainMenu.xib */,
				BF7B1F6C1446B21A0088F5DB /* QcumberApplicationManager.h */,
				BF7B1F6D1446B21A0088F5DB /* QcumberApplicationManager.m */,
				BF7B1F6F1446B2670088F5DB /* Course Update */,
				BF7B1F701446B2780088F5DB /* Models */,
				BF7B1FA41446C1990088F5DB /* Qcumber.xcdatamodeld */,
				BF7B1F2714467E380088F5DB /* Supporting Files */,
			);
			path = Qcumber;
			sourceTree = "<group>";
		};
		BF7B1F2714467E380088F5DB /* Supporting Files */ = {
			isa = PBXGroup;
			children = (
				BF7B1F671446B1250088F5DB /* Assets */,
				BF7B1F2814467E380088F5DB /* Qcumber-Info.plist */,
				BF7B1F2914467E380088F5DB /* InfoPlist.strings */,
				BF7B1F2C14467E380088F5DB /* main.m */,
				BF7B1F2E14467E380088F5DB /* Qcumber-Prefix.pch */,
				BF7B1F2F14467E380088F5DB /* Credits.rtf */,
			);
			name = "Supporting Files";
			sourceTree = "<group>";
		};
		BF7B1F4614467E380088F5DB /* QcumberTests */ = {
			isa = PBXGroup;
			children = (
				BF7B1F4C14467E380088F5DB /* QcumberTests.h */,
				BF7B1F4E14467E380088F5DB /* QcumberTests.m */,
				BF7B1F4714467E380088F5DB /* Supporting Files */,
			);
			path = QcumberTests;
			sourceTree = "<group>";
		};
		BF7B1F4714467E380088F5DB /* Supporting Files */ = {
			isa = PBXGroup;
			children = (
				BF7B1F4814467E380088F5DB /* QcumberTests-Info.plist */,
				BF7B1F4914467E380088F5DB /* InfoPlist.strings */,
			);
			name = "Supporting Files";
			sourceTree = "<group>";
		};
		BF7B1F671446B1250088F5DB /* Assets */ = {
			isa = PBXGroup;
			children = (
				BF7B1F6A1446B18D0088F5DB /* Qcumber full.png */,
				BF7B1F681446B1370088F5DB /* Qcumber icon.png */,
			);
			name = Assets;
			sourceTree = "<group>";
		};
		BF7B1F6F1446B2670088F5DB /* Course Update */ = {
			isa = PBXGroup;
			children = (
				BF7B1F611446A5DF0088F5DB /* CourseUpdateWindowController.h */,
				BF7B1F621446A5DF0088F5DB /* CourseUpdateWindowController.m */,
				BF7B1F651446A9E80088F5DB /* CourseUpdateWindowController.xib */,
			);
			name = "Course Update";
			sourceTree = "<group>";
		};
		BF7B1F701446B2780088F5DB /* Models */ = {
			isa = PBXGroup;
			children = (
				BF7B1F59144684E80088F5DB /* CourseManager.h */,
				BF7B1F5A144684E80088F5DB /* CourseManager.m */,
				BFA6544B14491C7500092612 /* Course.h */,
				BFA6544C14491C7500092612 /* Course.m */,
			);
			name = Models;
			sourceTree = "<group>";
		};
/* End PBXGroup section */

/* Begin PBXNativeTarget section */
		BF7B1F1B14467E370088F5DB /* Qcumber */ = {
			isa = PBXNativeTarget;
			buildConfigurationList = BF7B1F5214467E380088F5DB /* Build configuration list for PBXNativeTarget "Qcumber" */;
			buildPhases = (
				BF7B1F1814467E370088F5DB /* Sources */,
				BF7B1F1914467E370088F5DB /* Frameworks */,
				BF7B1F1A14467E370088F5DB /* Resources */,
			);
			buildRules = (
			);
			dependencies = (
			);
			name = Qcumber;
			productName = Qcumber;
			productReference = BF7B1F1C14467E370088F5DB /* Qcumber.app */;
			productType = "com.apple.product-type.application";
		};
		BF7B1F3F14467E380088F5DB /* QcumberTests */ = {
			isa = PBXNativeTarget;
			buildConfigurationList = BF7B1F5514467E380088F5DB /* Build configuration list for PBXNativeTarget "QcumberTests" */;
			buildPhases = (
				BF7B1F3B14467E380088F5DB /* Sources */,
				BF7B1F3C14467E380088F5DB /* Frameworks */,
				BF7B1F3D14467E380088F5DB /* Resources */,
				BF7B1F3E14467E380088F5DB /* ShellScript */,
			);
			buildRules = (
			);
			dependencies = (
				BF7B1F4514467E380088F5DB /* PBXTargetDependency */,
			);
			name = QcumberTests;
			productName = QcumberTests;
			productReference = BF7B1F4014467E380088F5DB /* QcumberTests.octest */;
			productType = "com.apple.product-type.bundle";
		};
/* End PBXNativeTarget section */

/* Begin PBXProject section */
		BF7B1F1314467E370088F5DB /* Project object */ = {
			isa = PBXProject;
			attributes = {
				ORGANIZATIONNAME = "Chris Cooper";
			};
			buildConfigurationList = BF7B1F1614467E370088F5DB /* Build configuration list for PBXProject "Qcumber" */;
			compatibilityVersion = "Xcode 3.2";
			developmentRegion = English;
			hasScannedForEncodings = 0;
			knownRegions = (
				en,
			);
			mainGroup = BF7B1F1114467E370088F5DB;
			productRefGroup = BF7B1F1D14467E370088F5DB /* Products */;
			projectDirPath = "";
			projectRoot = "";
			targets = (
				BF7B1F1B14467E370088F5DB /* Qcumber */,
				BF7B1F3F14467E380088F5DB /* QcumberTests */,
			);
		};
/* End PBXProject section */

/* Begin PBXResourcesBuildPhase section */
		BF7B1F1A14467E370088F5DB /* Resources */ = {
			isa = PBXResourcesBuildPhase;
			buildActionMask = 2147483647;
			files = (
				BF7B1F2B14467E380088F5DB /* InfoPlist.strings in Resources */,
				BF7B1F3114467E380088F5DB /* Credits.rtf in Resources */,
				BF7B1F3714467E380088F5DB /* QTimetable.xib in Resources */,
				BF7B1F3A14467E380088F5DB /* MainMenu.xib in Resources */,
				BF7B1F661446A9E80088F5DB /* CourseUpdateWindowController.xib in Resources */,
				BF7B1F691446B1370088F5DB /* Qcumber icon.png in Resources */,
				BF7B1F6B1446B18D0088F5DB /* Qcumber full.png in Resources */,
			);
			runOnlyForDeploymentPostprocessing = 0;
		};
		BF7B1F3D14467E380088F5DB /* Resources */ = {
			isa = PBXResourcesBuildPhase;
			buildActionMask = 2147483647;
			files = (
				BF7B1F4B14467E380088F5DB /* InfoPlist.strings in Resources */,
				BF7B1F4D14467E380088F5DB /* QcumberTests.h in Resources */,
			);
			runOnlyForDeploymentPostprocessing = 0;
		};
/* End PBXResourcesBuildPhase section */

/* Begin PBXShellScriptBuildPhase section */
		BF7B1F3E14467E380088F5DB /* ShellScript */ = {
			isa = PBXShellScriptBuildPhase;
			buildActionMask = 2147483647;
			files = (
			);
			inputPaths = (
			);
			outputPaths = (
			);
			runOnlyForDeploymentPostprocessing = 0;
			shellPath = /bin/sh;
			shellScript = "# Run the unit tests in this test bundle.\n\"${SYSTEM_DEVELOPER_DIR}/Tools/RunUnitTests\"\n";
		};
/* End PBXShellScriptBuildPhase section */

/* Begin PBXSourcesBuildPhase section */
		BF7B1F1814467E370088F5DB /* Sources */ = {
			isa = PBXSourcesBuildPhase;
			buildActionMask = 2147483647;
			files = (
				BF7B1F2D14467E380088F5DB /* main.m in Sources */,
				BF7B1F3414467E380088F5DB /* QTimetable.m in Sources */,
				BF7B1F5B144684E80088F5DB /* CourseManager.m in Sources */,
				BF7B1F631446A5DF0088F5DB /* CourseUpdateWindowController.m in Sources */,
				BF7B1F6E1446B21A0088F5DB /* QcumberApplicationManager.m in Sources */,
				BF7B1FA61446C1990088F5DB /* Qcumber.xcdatamodeld in Sources */,
				BFA6544D14491C7500092612 /* Course.m in Sources */,
			);
			runOnlyForDeploymentPostprocessing = 0;
		};
		BF7B1F3B14467E380088F5DB /* Sources */ = {
			isa = PBXSourcesBuildPhase;
			buildActionMask = 2147483647;
			files = (
				BF7B1F4F14467E380088F5DB /* QcumberTests.m in Sources */,
			);
			runOnlyForDeploymentPostprocessing = 0;
		};
/* End PBXSourcesBuildPhase section */

/* Begin PBXTargetDependency section */
		BF7B1F4514467E380088F5DB /* PBXTargetDependency */ = {
			isa = PBXTargetDependency;
			target = BF7B1F1B14467E370088F5DB /* Qcumber */;
			targetProxy = BF7B1F4414467E380088F5DB /* PBXContainerItemProxy */;
		};
/* End PBXTargetDependency section */

/* Begin PBXVariantGroup section */
		BF7B1F2914467E380088F5DB /* InfoPlist.strings */ = {
			isa = PBXVariantGroup;
			children = (
				BF7B1F2A14467E380088F5DB /* en */,
			);
			name = InfoPlist.strings;
			sourceTree = "<group>";
		};
		BF7B1F2F14467E380088F5DB /* Credits.rtf */ = {
			isa = PBXVariantGroup;
			children = (
				BF7B1F3014467E380088F5DB /* en */,
			);
			name = Credits.rtf;
			sourceTree = "<group>";
		};
		BF7B1F3514467E380088F5DB /* QTimetable.xib */ = {
			isa = PBXVariantGroup;
			children = (
				BF7B1F3614467E380088F5DB /* en */,
			);
			name = QTimetable.xib;
			sourceTree = "<group>";
		};
		BF7B1F3814467E380088F5DB /* MainMenu.xib */ = {
			isa = PBXVariantGroup;
			children = (
				BF7B1F3914467E380088F5DB /* en */,
			);
			name = MainMenu.xib;
			sourceTree = "<group>";
		};
		BF7B1F4914467E380088F5DB /* InfoPlist.strings */ = {
			isa = PBXVariantGroup;
			children = (
				BF7B1F4A14467E380088F5DB /* en */,
			);
			name = InfoPlist.strings;
			sourceTree = "<group>";
		};
/* End PBXVariantGroup section */

/* Begin XCBuildConfiguration section */
		BF7B1F5014467E380088F5DB /* Debug */ = {
			isa = XCBuildConfiguration;
			buildSettings = {
				ALWAYS_SEARCH_USER_PATHS = NO;
				ARCHS = "$(ARCHS_STANDARD_32_64_BIT)";
				COPY_PHASE_STRIP = NO;
				GCC_C_LANGUAGE_STANDARD = gnu99;
				GCC_DYNAMIC_NO_PIC = NO;
				GCC_ENABLE_OBJC_EXCEPTIONS = YES;
				GCC_OPTIMIZATION_LEVEL = 0;
				GCC_PREPROCESSOR_DEFINITIONS = (
					"DEBUG=1",
					"$(inherited)",
				);
				GCC_SYMBOLS_PRIVATE_EXTERN = NO;
				GCC_VERSION = com.apple.compilers.llvm.clang.1_0;
				GCC_WARN_64_TO_32_BIT_CONVERSION = YES;
				GCC_WARN_ABOUT_MISSING_PROTOTYPES = YES;
				GCC_WARN_ABOUT_RETURN_TYPE = YES;
				GCC_WARN_UNUSED_VARIABLE = YES;
				MACOSX_DEPLOYMENT_TARGET = 10.6;
				ONLY_ACTIVE_ARCH = YES;
				SDKROOT = macosx;
			};
			name = Debug;
		};
		BF7B1F5114467E380088F5DB /* Release */ = {
			isa = XCBuildConfiguration;
			buildSettings = {
				ALWAYS_SEARCH_USER_PATHS = NO;
				ARCHS = "$(ARCHS_STANDARD_32_64_BIT)";
				COPY_PHASE_STRIP = YES;
				DEBUG_INFORMATION_FORMAT = "dwarf-with-dsym";
				GCC_C_LANGUAGE_STANDARD = gnu99;
				GCC_ENABLE_OBJC_EXCEPTIONS = YES;
				GCC_VERSION = com.apple.compilers.llvm.clang.1_0;
				GCC_WARN_64_TO_32_BIT_CONVERSION = YES;
				GCC_WARN_ABOUT_MISSING_PROTOTYPES = YES;
				GCC_WARN_ABOUT_RETURN_TYPE = YES;
				GCC_WARN_UNUSED_VARIABLE = YES;
				MACOSX_DEPLOYMENT_TARGET = 10.6;
				SDKROOT = macosx;
			};
			name = Release;
		};
		BF7B1F5314467E380088F5DB /* Debug */ = {
			isa = XCBuildConfiguration;
			buildSettings = {
				CODE_SIGN_ENTITLEMENTS = Qcumber/Qcumber.entitlements;
				CODE_SIGN_IDENTITY = "";
				GCC_PRECOMPILE_PREFIX_HEADER = YES;
				GCC_PREFIX_HEADER = "Qcumber/Qcumber-Prefix.pch";
				INFOPLIST_FILE = "Qcumber/Qcumber-Info.plist";
				PRODUCT_NAME = "$(TARGET_NAME)";
				WRAPPER_EXTENSION = app;
			};
			name = Debug;
		};
		BF7B1F5414467E380088F5DB /* Release */ = {
			isa = XCBuildConfiguration;
			buildSettings = {
				CODE_SIGN_ENTITLEMENTS = Qcumber/Qcumber.entitlements;
				CODE_SIGN_IDENTITY = "";
				GCC_PRECOMPILE_PREFIX_HEADER = YES;
				GCC_PREFIX_HEADER = "Qcumber/Qcumber-Prefix.pch";
				INFOPLIST_FILE = "Qcumber/Qcumber-Info.plist";
				PRODUCT_NAME = "$(TARGET_NAME)";
				WRAPPER_EXTENSION = app;
			};
			name = Release;
		};
		BF7B1F5614467E380088F5DB /* Debug */ = {
			isa = XCBuildConfiguration;
			buildSettings = {
				BUNDLE_LOADER = "$(BUILT_PRODUCTS_DIR)/Qcumber.app/Contents/MacOS/Qcumber";
				FRAMEWORK_SEARCH_PATHS = "$(DEVELOPER_LIBRARY_DIR)/Frameworks";
				GCC_PRECOMPILE_PREFIX_HEADER = YES;
				GCC_PREFIX_HEADER = "Qcumber/Qcumber-Prefix.pch";
				INFOPLIST_FILE = "QcumberTests/QcumberTests-Info.plist";
				PRODUCT_NAME = "$(TARGET_NAME)";
				TEST_HOST = "$(BUNDLE_LOADER)";
				WRAPPER_EXTENSION = octest;
			};
			name = Debug;
		};
		BF7B1F5714467E380088F5DB /* Release */ = {
			isa = XCBuildConfiguration;
			buildSettings = {
				BUNDLE_LOADER = "$(BUILT_PRODUCTS_DIR)/Qcumber.app/Contents/MacOS/Qcumber";
				FRAMEWORK_SEARCH_PATHS = "$(DEVELOPER_LIBRARY_DIR)/Frameworks";
				GCC_PRECOMPILE_PREFIX_HEADER = YES;
				GCC_PREFIX_HEADER = "Qcumber/Qcumber-Prefix.pch";
				INFOPLIST_FILE = "QcumberTests/QcumberTests-Info.plist";
				PRODUCT_NAME = "$(TARGET_NAME)";
				TEST_HOST = "$(BUNDLE_LOADER)";
				WRAPPER_EXTENSION = octest;
			};
			name = Release;
		};
/* End XCBuildConfiguration section */

/* Begin XCConfigurationList section */
		BF7B1F1614467E370088F5DB /* Build configuration list for PBXProject "Qcumber" */ = {
			isa = XCConfigurationList;
			buildConfigurations = (
				BF7B1F5014467E380088F5DB /* Debug */,
				BF7B1F5114467E380088F5DB /* Release */,
			);
			defaultConfigurationIsVisible = 0;
			defaultConfigurationName = Release;
		};
		BF7B1F5214467E380088F5DB /* Build configuration list for PBXNativeTarget "Qcumber" */ = {
			isa = XCConfigurationList;
			buildConfigurations = (
				BF7B1F5314467E380088F5DB /* Debug */,
				BF7B1F5414467E380088F5DB /* Release */,
			);
			defaultConfigurationIsVisible = 0;
			defaultConfigurationName = Release;
		};
		BF7B1F5514467E380088F5DB /* Build configuration list for PBXNativeTarget "QcumberTests" */ = {
			isa = XCConfigurationList;
			buildConfigurations = (
				BF7B1F5614467E380088F5DB /* Debug */,
				BF7B1F5714467E380088F5DB /* Release */,
			);
			defaultConfigurationIsVisible = 0;
			defaultConfigurationName = Release;
		};
/* End XCConfigurationList section */

/* Begin XCVersionGroup section */
		BF7B1FA41446C1990088F5DB /* Qcumber.xcdatamodeld */ = {
			isa = XCVersionGroup;
			children = (
				BF7B1FA51446C1990088F5DB /* Qcumber.xcdatamodel */,
			);
			currentVersion = BF7B1FA51446C1990088F5DB /* Qcumber.xcdatamodel */;
			path = Qcumber.xcdatamodeld;
			sourceTree = "<group>";
			versionGroupType = wrapper.xcdatamodel;
		};
/* End XCVersionGroup section */
	};
	rootObject = BF7B1F1314467E370088F5DB /* Project object */;
}
