// !$*UTF8*$!
{
	archiveVersion = 1;
	classes = {
	};
	objectVersion = 46;
	objects = {

/* Begin PBXBuildFile section */
		BF26969E14439E03002BA0F1 /* Cocoa.framework in Frameworks */ = {isa = PBXBuildFile; fileRef = BF26969D14439E03002BA0F1 /* Cocoa.framework */; };
		BF2696A814439E03002BA0F1 /* InfoPlist.strings in Resources */ = {isa = PBXBuildFile; fileRef = BF2696A614439E03002BA0F1 /* InfoPlist.strings */; };
		BF2696AA14439E03002BA0F1 /* main.m in Sources */ = {isa = PBXBuildFile; fileRef = BF2696A914439E03002BA0F1 /* main.m */; };
		BF2696AE14439E03002BA0F1 /* Credits.rtf in Resources */ = {isa = PBXBuildFile; fileRef = BF2696AC14439E03002BA0F1 /* Credits.rtf */; };
		BF2696B114439E03002BA0F1 /* QTimetable.m in Sources */ = {isa = PBXBuildFile; fileRef = BF2696B014439E03002BA0F1 /* QTimetable.m */; };
		BF2696B414439E04002BA0F1 /* QTimetable.xib in Resources */ = {isa = PBXBuildFile; fileRef = BF2696B214439E04002BA0F1 /* QTimetable.xib */; };
		BF2696B714439E04002BA0F1 /* MainMenu.xib in Resources */ = {isa = PBXBuildFile; fileRef = BF2696B514439E04002BA0F1 /* MainMenu.xib */; };
		BF2696BA14439E04002BA0F1 /* QTimetable.xcdatamodeld in Sources */ = {isa = PBXBuildFile; fileRef = BF2696B814439E04002BA0F1 /* QTimetable.xcdatamodeld */; };
		BF2696C214439E04002BA0F1 /* SenTestingKit.framework in Frameworks */ = {isa = PBXBuildFile; fileRef = BF2696C114439E04002BA0F1 /* SenTestingKit.framework */; };
		BF2696C314439E04002BA0F1 /* Cocoa.framework in Frameworks */ = {isa = PBXBuildFile; fileRef = BF26969D14439E03002BA0F1 /* Cocoa.framework */; };
		BF2696CB14439E04002BA0F1 /* InfoPlist.strings in Resources */ = {isa = PBXBuildFile; fileRef = BF2696C914439E04002BA0F1 /* InfoPlist.strings */; };
		BF2696CD14439E04002BA0F1 /* QcumberTests.h in Resources */ = {isa = PBXBuildFile; fileRef = BF2696CC14439E04002BA0F1 /* QcumberTests.h */; };
		BF2696CF14439E04002BA0F1 /* QcumberTests.m in Sources */ = {isa = PBXBuildFile; fileRef = BF2696CE14439E04002BA0F1 /* QcumberTests.m */; };
		BF2696D714439E04002BA0F1 /* QcumberImporter.mdimporter in Resources */ = {isa = PBXBuildFile; fileRef = BF2696D414439E04002BA0F1 /* QcumberImporter.mdimporter */; };
		BF2696D914439E04002BA0F1 /* CoreServices.framework in Frameworks */ = {isa = PBXBuildFile; fileRef = BF2696D814439E04002BA0F1 /* CoreServices.framework */; };
		BF2696DB14439E04002BA0F1 /* CoreFoundation.framework in Frameworks */ = {isa = PBXBuildFile; fileRef = BF2696DA14439E04002BA0F1 /* CoreFoundation.framework */; };
		BF2696DD14439E04002BA0F1 /* CoreData.framework in Frameworks */ = {isa = PBXBuildFile; fileRef = BF2696DC14439E04002BA0F1 /* CoreData.framework */; };
		BF2696DF14439E04002BA0F1 /* Foundation.framework in Frameworks */ = {isa = PBXBuildFile; fileRef = BF2696DE14439E04002BA0F1 /* Foundation.framework */; };
		BF2696E514439E04002BA0F1 /* InfoPlist.strings in Resources */ = {isa = PBXBuildFile; fileRef = BF2696E314439E04002BA0F1 /* InfoPlist.strings */; };
		BF2696E714439E04002BA0F1 /* main.c in Sources */ = {isa = PBXBuildFile; fileRef = BF2696E614439E04002BA0F1 /* main.c */; };
		BF2696E914439E04002BA0F1 /* GetMetadataForFile.m in Sources */ = {isa = PBXBuildFile; fileRef = BF2696E814439E04002BA0F1 /* GetMetadataForFile.m */; };
		BF2696EC14439E04002BA0F1 /* MySpotlightImporter.m in Sources */ = {isa = PBXBuildFile; fileRef = BF2696EB14439E04002BA0F1 /* MySpotlightImporter.m */; };
		BFAE6DA91443A0DC0083BFB8 /* Qcumber icon.png in Resources */ = {isa = PBXBuildFile; fileRef = BFAE6DA81443A0DC0083BFB8 /* Qcumber icon.png */; };
/* End PBXBuildFile section */

/* Begin PBXContainerItemProxy section */
		BF2696C414439E04002BA0F1 /* PBXContainerItemProxy */ = {
			isa = PBXContainerItemProxy;
			containerPortal = BF26969014439E03002BA0F1 /* Project object */;
			proxyType = 1;
			remoteGlobalIDString = BF26969814439E03002BA0F1;
			remoteInfo = Qcumber;
		};
		BF2696D514439E04002BA0F1 /* PBXContainerItemProxy */ = {
			isa = PBXContainerItemProxy;
			containerPortal = BF26969014439E03002BA0F1 /* Project object */;
			proxyType = 1;
			remoteGlobalIDString = BF2696D314439E04002BA0F1;
			remoteInfo = QcumberImporter;
		};
/* End PBXContainerItemProxy section */

/* Begin PBXFileReference section */
		BF26969914439E03002BA0F1 /* Qcumber.app */ = {isa = PBXFileReference; explicitFileType = wrapper.application; includeInIndex = 0; path = Qcumber.app; sourceTree = BUILT_PRODUCTS_DIR; };
		BF26969D14439E03002BA0F1 /* Cocoa.framework */ = {isa = PBXFileReference; lastKnownFileType = wrapper.framework; name = Cocoa.framework; path = System/Library/Frameworks/Cocoa.framework; sourceTree = SDKROOT; };
		BF2696A014439E03002BA0F1 /* AppKit.framework */ = {isa = PBXFileReference; lastKnownFileType = wrapper.framework; name = AppKit.framework; path = System/Library/Frameworks/AppKit.framework; sourceTree = SDKROOT; };
		BF2696A114439E03002BA0F1 /* CoreData.framework */ = {isa = PBXFileReference; lastKnownFileType = wrapper.framework; name = CoreData.framework; path = System/Library/Frameworks/CoreData.framework; sourceTree = SDKROOT; };
		BF2696A214439E03002BA0F1 /* Foundation.framework */ = {isa = PBXFileReference; lastKnownFileType = wrapper.framework; name = Foundation.framework; path = System/Library/Frameworks/Foundation.framework; sourceTree = SDKROOT; };
		BF2696A514439E03002BA0F1 /* Qcumber-Info.plist */ = {isa = PBXFileReference; lastKnownFileType = text.plist.xml; path = "Qcumber-Info.plist"; sourceTree = "<group>"; };
		BF2696A714439E03002BA0F1 /* en */ = {isa = PBXFileReference; lastKnownFileType = text.plist.strings; name = en; path = en.lproj/InfoPlist.strings; sourceTree = "<group>"; };
		BF2696A914439E03002BA0F1 /* main.m */ = {isa = PBXFileReference; lastKnownFileType = sourcecode.c.objc; path = main.m; sourceTree = "<group>"; };
		BF2696AB14439E03002BA0F1 /* Qcumber-Prefix.pch */ = {isa = PBXFileReference; lastKnownFileType = sourcecode.c.h; path = "Qcumber-Prefix.pch"; sourceTree = "<group>"; };
		BF2696AD14439E03002BA0F1 /* en */ = {isa = PBXFileReference; lastKnownFileType = text.rtf; name = en; path = en.lproj/Credits.rtf; sourceTree = "<group>"; };
		BF2696AF14439E03002BA0F1 /* QTimetable.h */ = {isa = PBXFileReference; lastKnownFileType = sourcecode.c.h; path = QTimetable.h; sourceTree = "<group>"; };
		BF2696B014439E03002BA0F1 /* QTimetable.m */ = {isa = PBXFileReference; lastKnownFileType = sourcecode.c.objc; path = QTimetable.m; sourceTree = "<group>"; };
		BF2696B314439E04002BA0F1 /* en */ = {isa = PBXFileReference; lastKnownFileType = file.xib; name = en; path = en.lproj/QTimetable.xib; sourceTree = "<group>"; };
		BF2696B614439E04002BA0F1 /* en */ = {isa = PBXFileReference; lastKnownFileType = file.xib; name = en; path = en.lproj/MainMenu.xib; sourceTree = "<group>"; };
		BF2696B914439E04002BA0F1 /* QTimetable.xcdatamodel */ = {isa = PBXFileReference; lastKnownFileType = wrapper.xcdatamodel; path = QTimetable.xcdatamodel; sourceTree = "<group>"; };
		BF2696C014439E04002BA0F1 /* QcumberTests.octest */ = {isa = PBXFileReference; explicitFileType = wrapper.cfbundle; includeInIndex = 0; path = QcumberTests.octest; sourceTree = BUILT_PRODUCTS_DIR; };
		BF2696C114439E04002BA0F1 /* SenTestingKit.framework */ = {isa = PBXFileReference; lastKnownFileType = wrapper.framework; name = SenTestingKit.framework; path = Library/Frameworks/SenTestingKit.framework; sourceTree = DEVELOPER_DIR; };
		BF2696C814439E04002BA0F1 /* QcumberTests-Info.plist */ = {isa = PBXFileReference; lastKnownFileType = text.plist.xml; path = "QcumberTests-Info.plist"; sourceTree = "<group>"; };
		BF2696CA14439E04002BA0F1 /* en */ = {isa = PBXFileReference; lastKnownFileType = text.plist.strings; name = en; path = en.lproj/InfoPlist.strings; sourceTree = "<group>"; };
		BF2696CC14439E04002BA0F1 /* QcumberTests.h */ = {isa = PBXFileReference; lastKnownFileType = sourcecode.c.h; path = QcumberTests.h; sourceTree = "<group>"; };
		BF2696CE14439E04002BA0F1 /* QcumberTests.m */ = {isa = PBXFileReference; lastKnownFileType = sourcecode.c.objc; path = QcumberTests.m; sourceTree = "<group>"; };
		BF2696D414439E04002BA0F1 /* QcumberImporter.mdimporter */ = {isa = PBXFileReference; explicitFileType = wrapper.cfbundle; includeInIndex = 0; path = QcumberImporter.mdimporter; sourceTree = BUILT_PRODUCTS_DIR; };
		BF2696D814439E04002BA0F1 /* CoreServices.framework */ = {isa = PBXFileReference; lastKnownFileType = wrapper.framework; name = CoreServices.framework; path = System/Library/Frameworks/CoreServices.framework; sourceTree = SDKROOT; };
		BF2696DA14439E04002BA0F1 /* CoreFoundation.framework */ = {isa = PBXFileReference; lastKnownFileType = wrapper.framework; name = CoreFoundation.framework; path = System/Library/Frameworks/CoreFoundation.framework; sourceTree = SDKROOT; };
		BF2696DC14439E04002BA0F1 /* CoreData.framework */ = {isa = PBXFileReference; lastKnownFileType = wrapper.framework; name = CoreData.framework; path = System/Library/Frameworks/CoreData.framework; sourceTree = SDKROOT; };
		BF2696DE14439E04002BA0F1 /* Foundation.framework */ = {isa = PBXFileReference; lastKnownFileType = wrapper.framework; name = Foundation.framework; path = System/Library/Frameworks/Foundation.framework; sourceTree = SDKROOT; };
		BF2696E214439E04002BA0F1 /* QcumberImporter-Info.plist */ = {isa = PBXFileReference; lastKnownFileType = text.plist.xml; path = "QcumberImporter-Info.plist"; sourceTree = "<group>"; };
		BF2696E414439E04002BA0F1 /* en */ = {isa = PBXFileReference; lastKnownFileType = text.plist.strings; name = en; path = en.lproj/InfoPlist.strings; sourceTree = "<group>"; };
		BF2696E614439E04002BA0F1 /* main.c */ = {isa = PBXFileReference; lastKnownFileType = sourcecode.c.c; path = main.c; sourceTree = "<group>"; };
		BF2696E814439E04002BA0F1 /* GetMetadataForFile.m */ = {isa = PBXFileReference; lastKnownFileType = sourcecode.c.objc; path = GetMetadataForFile.m; sourceTree = "<group>"; };
		BF2696EA14439E04002BA0F1 /* MySpotlightImporter.h */ = {isa = PBXFileReference; lastKnownFileType = sourcecode.c.h; path = MySpotlightImporter.h; sourceTree = "<group>"; };
		BF2696EB14439E04002BA0F1 /* MySpotlightImporter.m */ = {isa = PBXFileReference; lastKnownFileType = sourcecode.c.objc; path = MySpotlightImporter.m; sourceTree = "<group>"; };
		BF2696ED14439E04002BA0F1 /* Importer Read Me.txt */ = {isa = PBXFileReference; lastKnownFileType = text; path = "Importer Read Me.txt"; sourceTree = "<group>"; };
		BF2696EE14439E04002BA0F1 /* QcumberImporter-Prefix.pch */ = {isa = PBXFileReference; lastKnownFileType = sourcecode.c.h; path = "QcumberImporter-Prefix.pch"; sourceTree = "<group>"; };
		BFAE6DA614439EB40083BFB8 /* Qcumber.entitlements */ = {isa = PBXFileReference; lastKnownFileType = text.xml; path = Qcumber.entitlements; sourceTree = "<group>"; };
		BFAE6DA81443A0DC0083BFB8 /* Qcumber icon.png */ = {isa = PBXFileReference; lastKnownFileType = image.png; path = "Qcumber icon.png"; sourceTree = "<group>"; };
/* End PBXFileReference section */

/* Begin PBXFrameworksBuildPhase section */
		BF26969614439E03002BA0F1 /* Frameworks */ = {
			isa = PBXFrameworksBuildPhase;
			buildActionMask = 2147483647;
			files = (
				BF26969E14439E03002BA0F1 /* Cocoa.framework in Frameworks */,
			);
			runOnlyForDeploymentPostprocessing = 0;
		};
		BF2696BC14439E04002BA0F1 /* Frameworks */ = {
			isa = PBXFrameworksBuildPhase;
			buildActionMask = 2147483647;
			files = (
				BF2696C214439E04002BA0F1 /* SenTestingKit.framework in Frameworks */,
				BF2696C314439E04002BA0F1 /* Cocoa.framework in Frameworks */,
			);
			runOnlyForDeploymentPostprocessing = 0;
		};
		BF2696D114439E04002BA0F1 /* Frameworks */ = {
			isa = PBXFrameworksBuildPhase;
			buildActionMask = 2147483647;
			files = (
				BF2696D914439E04002BA0F1 /* CoreServices.framework in Frameworks */,
				BF2696DB14439E04002BA0F1 /* CoreFoundation.framework in Frameworks */,
				BF2696DD14439E04002BA0F1 /* CoreData.framework in Frameworks */,
				BF2696DF14439E04002BA0F1 /* Foundation.framework in Frameworks */,
			);
			runOnlyForDeploymentPostprocessing = 0;
		};
/* End PBXFrameworksBuildPhase section */

/* Begin PBXGroup section */
		BF26968E14439E03002BA0F1 = {
			isa = PBXGroup;
			children = (
				BFAE6DA81443A0DC0083BFB8 /* Qcumber icon.png */,
				BF2696A314439E03002BA0F1 /* Qcumber */,
				BF2696C614439E04002BA0F1 /* QcumberTests */,
				BF2696E014439E04002BA0F1 /* QcumberImporter */,
				BF26969C14439E03002BA0F1 /* Frameworks */,
				BF26969A14439E03002BA0F1 /* Products */,
			);
			sourceTree = "<group>";
		};
		BF26969A14439E03002BA0F1 /* Products */ = {
			isa = PBXGroup;
			children = (
				BF26969914439E03002BA0F1 /* Qcumber.app */,
				BF2696C014439E04002BA0F1 /* QcumberTests.octest */,
				BF2696D414439E04002BA0F1 /* QcumberImporter.mdimporter */,
			);
			name = Products;
			sourceTree = "<group>";
		};
		BF26969C14439E03002BA0F1 /* Frameworks */ = {
			isa = PBXGroup;
			children = (
				BF26969D14439E03002BA0F1 /* Cocoa.framework */,
				BF2696C114439E04002BA0F1 /* SenTestingKit.framework */,
				BF2696D814439E04002BA0F1 /* CoreServices.framework */,
				BF2696DA14439E04002BA0F1 /* CoreFoundation.framework */,
				BF2696DC14439E04002BA0F1 /* CoreData.framework */,
				BF2696DE14439E04002BA0F1 /* Foundation.framework */,
				BF26969F14439E03002BA0F1 /* Other Frameworks */,
			);
			name = Frameworks;
			sourceTree = "<group>";
		};
		BF26969F14439E03002BA0F1 /* Other Frameworks */ = {
			isa = PBXGroup;
			children = (
				BF2696A014439E03002BA0F1 /* AppKit.framework */,
				BF2696A114439E03002BA0F1 /* CoreData.framework */,
				BF2696A214439E03002BA0F1 /* Foundation.framework */,
			);
			name = "Other Frameworks";
			sourceTree = "<group>";
		};
		BF2696A314439E03002BA0F1 /* Qcumber */ = {
			isa = PBXGroup;
			children = (
				BFAE6DA614439EB40083BFB8 /* Qcumber.entitlements */,
				BF2696AF14439E03002BA0F1 /* QTimetable.h */,
				BF2696B014439E03002BA0F1 /* QTimetable.m */,
				BF2696B214439E04002BA0F1 /* QTimetable.xib */,
				BF2696B514439E04002BA0F1 /* MainMenu.xib */,
				BF2696B814439E04002BA0F1 /* QTimetable.xcdatamodeld */,
				BF2696A414439E03002BA0F1 /* Supporting Files */,
			);
			path = Qcumber;
			sourceTree = "<group>";
		};
		BF2696A414439E03002BA0F1 /* Supporting Files */ = {
			isa = PBXGroup;
			children = (
				BF2696A514439E03002BA0F1 /* Qcumber-Info.plist */,
				BF2696A614439E03002BA0F1 /* InfoPlist.strings */,
				BF2696A914439E03002BA0F1 /* main.m */,
				BF2696AB14439E03002BA0F1 /* Qcumber-Prefix.pch */,
				BF2696AC14439E03002BA0F1 /* Credits.rtf */,
			);
			name = "Supporting Files";
			sourceTree = "<group>";
		};
		BF2696C614439E04002BA0F1 /* QcumberTests */ = {
			isa = PBXGroup;
			children = (
				BF2696CC14439E04002BA0F1 /* QcumberTests.h */,
				BF2696CE14439E04002BA0F1 /* QcumberTests.m */,
				BF2696C714439E04002BA0F1 /* Supporting Files */,
			);
			path = QcumberTests;
			sourceTree = "<group>";
		};
		BF2696C714439E04002BA0F1 /* Supporting Files */ = {
			isa = PBXGroup;
			children = (
				BF2696C814439E04002BA0F1 /* QcumberTests-Info.plist */,
				BF2696C914439E04002BA0F1 /* InfoPlist.strings */,
			);
			name = "Supporting Files";
			sourceTree = "<group>";
		};
		BF2696E014439E04002BA0F1 /* QcumberImporter */ = {
			isa = PBXGroup;
			children = (
				BF2696E814439E04002BA0F1 /* GetMetadataForFile.m */,
				BF2696EA14439E04002BA0F1 /* MySpotlightImporter.h */,
				BF2696EB14439E04002BA0F1 /* MySpotlightImporter.m */,
				BF2696ED14439E04002BA0F1 /* Importer Read Me.txt */,
				BF2696E114439E04002BA0F1 /* Supporting Files */,
			);
			path = QcumberImporter;
			sourceTree = "<group>";
		};
		BF2696E114439E04002BA0F1 /* Supporting Files */ = {
			isa = PBXGroup;
			children = (
				BF2696E214439E04002BA0F1 /* QcumberImporter-Info.plist */,
				BF2696E314439E04002BA0F1 /* InfoPlist.strings */,
				BF2696E614439E04002BA0F1 /* main.c */,
				BF2696EE14439E04002BA0F1 /* QcumberImporter-Prefix.pch */,
			);
			name = "Supporting Files";
			sourceTree = "<group>";
		};
/* End PBXGroup section */

/* Begin PBXNativeTarget section */
		BF26969814439E03002BA0F1 /* Qcumber */ = {
			isa = PBXNativeTarget;
			buildConfigurationList = BF2696F414439E04002BA0F1 /* Build configuration list for PBXNativeTarget "Qcumber" */;
			buildPhases = (
				BF26969514439E03002BA0F1 /* Sources */,
				BF26969614439E03002BA0F1 /* Frameworks */,
				BF26969714439E03002BA0F1 /* Resources */,
			);
			buildRules = (
			);
			dependencies = (
				BF2696D614439E04002BA0F1 /* PBXTargetDependency */,
			);
			name = Qcumber;
			productName = Qcumber;
			productReference = BF26969914439E03002BA0F1 /* Qcumber.app */;
			productType = "com.apple.product-type.application";
		};
		BF2696BF14439E04002BA0F1 /* QcumberTests */ = {
			isa = PBXNativeTarget;
			buildConfigurationList = BF2696F714439E04002BA0F1 /* Build configuration list for PBXNativeTarget "QcumberTests" */;
			buildPhases = (
				BF2696BB14439E04002BA0F1 /* Sources */,
				BF2696BC14439E04002BA0F1 /* Frameworks */,
				BF2696BD14439E04002BA0F1 /* Resources */,
				BF2696BE14439E04002BA0F1 /* ShellScript */,
			);
			buildRules = (
			);
			dependencies = (
				BF2696C514439E04002BA0F1 /* PBXTargetDependency */,
			);
			name = QcumberTests;
			productName = QcumberTests;
			productReference = BF2696C014439E04002BA0F1 /* QcumberTests.octest */;
			productType = "com.apple.product-type.bundle";
		};
		BF2696D314439E04002BA0F1 /* QcumberImporter */ = {
			isa = PBXNativeTarget;
			buildConfigurationList = BF2696F114439E04002BA0F1 /* Build configuration list for PBXNativeTarget "QcumberImporter" */;
			buildPhases = (
				BF2696D014439E04002BA0F1 /* Sources */,
				BF2696D114439E04002BA0F1 /* Frameworks */,
				BF2696D214439E04002BA0F1 /* Resources */,
			);
			buildRules = (
			);
			dependencies = (
			);
			name = QcumberImporter;
			productName = QcumberImporter;
			productReference = BF2696D414439E04002BA0F1 /* QcumberImporter.mdimporter */;
			productType = "com.apple.product-type.bundle";
		};
/* End PBXNativeTarget section */

/* Begin PBXProject section */
		BF26969014439E03002BA0F1 /* Project object */ = {
			isa = PBXProject;
			attributes = {
				ORGANIZATIONNAME = "Chris Cooper";
			};
			buildConfigurationList = BF26969314439E03002BA0F1 /* Build configuration list for PBXProject "Qcumber" */;
			compatibilityVersion = "Xcode 3.2";
			developmentRegion = English;
			hasScannedForEncodings = 0;
			knownRegions = (
				en,
			);
			mainGroup = BF26968E14439E03002BA0F1;
			productRefGroup = BF26969A14439E03002BA0F1 /* Products */;
			projectDirPath = "";
			projectRoot = "";
			targets = (
				BF26969814439E03002BA0F1 /* Qcumber */,
				BF2696BF14439E04002BA0F1 /* QcumberTests */,
				BF2696D314439E04002BA0F1 /* QcumberImporter */,
			);
		};
/* End PBXProject section */

/* Begin PBXResourcesBuildPhase section */
		BF26969714439E03002BA0F1 /* Resources */ = {
			isa = PBXResourcesBuildPhase;
			buildActionMask = 2147483647;
			files = (
				BF2696A814439E03002BA0F1 /* InfoPlist.strings in Resources */,
				BF2696AE14439E03002BA0F1 /* Credits.rtf in Resources */,
				BF2696B414439E04002BA0F1 /* QTimetable.xib in Resources */,
				BF2696B714439E04002BA0F1 /* MainMenu.xib in Resources */,
				BF2696D714439E04002BA0F1 /* QcumberImporter.mdimporter in Resources */,
				BFAE6DA91443A0DC0083BFB8 /* Qcumber icon.png in Resources */,
			);
			runOnlyForDeploymentPostprocessing = 0;
		};
		BF2696BD14439E04002BA0F1 /* Resources */ = {
			isa = PBXResourcesBuildPhase;
			buildActionMask = 2147483647;
			files = (
				BF2696CB14439E04002BA0F1 /* InfoPlist.strings in Resources */,
				BF2696CD14439E04002BA0F1 /* QcumberTests.h in Resources */,
			);
			runOnlyForDeploymentPostprocessing = 0;
		};
		BF2696D214439E04002BA0F1 /* Resources */ = {
			isa = PBXResourcesBuildPhase;
			buildActionMask = 2147483647;
			files = (
				BF2696E514439E04002BA0F1 /* InfoPlist.strings in Resources */,
			);
			runOnlyForDeploymentPostprocessing = 0;
		};
/* End PBXResourcesBuildPhase section */

/* Begin PBXShellScriptBuildPhase section */
		BF2696BE14439E04002BA0F1 /* ShellScript */ = {
			isa = PBXShellScriptBuildPhase;
			buildActionMask = 2147483647;
			files = (
			);
			inputPaths = (
			);
			outputPaths = (
			);
			runOnlyForDeploymentPostprocessing = 0;
			shellPath = /bin/sh;
			shellScript = "# Run the unit tests in this test bundle.\n\"${SYSTEM_DEVELOPER_DIR}/Tools/RunUnitTests\"\n";
		};
/* End PBXShellScriptBuildPhase section */

/* Begin PBXSourcesBuildPhase section */
		BF26969514439E03002BA0F1 /* Sources */ = {
			isa = PBXSourcesBuildPhase;
			buildActionMask = 2147483647;
			files = (
				BF2696AA14439E03002BA0F1 /* main.m in Sources */,
				BF2696B114439E03002BA0F1 /* QTimetable.m in Sources */,
				BF2696BA14439E04002BA0F1 /* QTimetable.xcdatamodeld in Sources */,
			);
			runOnlyForDeploymentPostprocessing = 0;
		};
		BF2696BB14439E04002BA0F1 /* Sources */ = {
			isa = PBXSourcesBuildPhase;
			buildActionMask = 2147483647;
			files = (
				BF2696CF14439E04002BA0F1 /* QcumberTests.m in Sources */,
			);
			runOnlyForDeploymentPostprocessing = 0;
		};
		BF2696D014439E04002BA0F1 /* Sources */ = {
			isa = PBXSourcesBuildPhase;
			buildActionMask = 2147483647;
			files = (
				BF2696E714439E04002BA0F1 /* main.c in Sources */,
				BF2696E914439E04002BA0F1 /* GetMetadataForFile.m in Sources */,
				BF2696EC14439E04002BA0F1 /* MySpotlightImporter.m in Sources */,
			);
			runOnlyForDeploymentPostprocessing = 0;
		};
/* End PBXSourcesBuildPhase section */

/* Begin PBXTargetDependency section */
		BF2696C514439E04002BA0F1 /* PBXTargetDependency */ = {
			isa = PBXTargetDependency;
			target = BF26969814439E03002BA0F1 /* Qcumber */;
			targetProxy = BF2696C414439E04002BA0F1 /* PBXContainerItemProxy */;
		};
		BF2696D614439E04002BA0F1 /* PBXTargetDependency */ = {
			isa = PBXTargetDependency;
			target = BF2696D314439E04002BA0F1 /* QcumberImporter */;
			targetProxy = BF2696D514439E04002BA0F1 /* PBXContainerItemProxy */;
		};
/* End PBXTargetDependency section */

/* Begin PBXVariantGroup section */
		BF2696A614439E03002BA0F1 /* InfoPlist.strings */ = {
			isa = PBXVariantGroup;
			children = (
				BF2696A714439E03002BA0F1 /* en */,
			);
			name = InfoPlist.strings;
			sourceTree = "<group>";
		};
		BF2696AC14439E03002BA0F1 /* Credits.rtf */ = {
			isa = PBXVariantGroup;
			children = (
				BF2696AD14439E03002BA0F1 /* en */,
			);
			name = Credits.rtf;
			sourceTree = "<group>";
		};
		BF2696B214439E04002BA0F1 /* QTimetable.xib */ = {
			isa = PBXVariantGroup;
			children = (
				BF2696B314439E04002BA0F1 /* en */,
			);
			name = QTimetable.xib;
			sourceTree = "<group>";
		};
		BF2696B514439E04002BA0F1 /* MainMenu.xib */ = {
			isa = PBXVariantGroup;
			children = (
				BF2696B614439E04002BA0F1 /* en */,
			);
			name = MainMenu.xib;
			sourceTree = "<group>";
		};
		BF2696C914439E04002BA0F1 /* InfoPlist.strings */ = {
			isa = PBXVariantGroup;
			children = (
				BF2696CA14439E04002BA0F1 /* en */,
			);
			name = InfoPlist.strings;
			sourceTree = "<group>";
		};
		BF2696E314439E04002BA0F1 /* InfoPlist.strings */ = {
			isa = PBXVariantGroup;
			children = (
				BF2696E414439E04002BA0F1 /* en */,
			);
			name = InfoPlist.strings;
			sourceTree = "<group>";
		};
/* End PBXVariantGroup section */

/* Begin XCBuildConfiguration section */
		BF2696EF14439E04002BA0F1 /* Debug */ = {
			isa = XCBuildConfiguration;
			buildSettings = {
				ALWAYS_SEARCH_USER_PATHS = NO;
				ARCHS = "$(ARCHS_STANDARD_32_64_BIT)";
				COPY_PHASE_STRIP = NO;
				GCC_C_LANGUAGE_STANDARD = gnu99;
				GCC_DYNAMIC_NO_PIC = NO;
				GCC_ENABLE_OBJC_EXCEPTIONS = YES;
				GCC_OPTIMIZATION_LEVEL = 0;
				GCC_PREPROCESSOR_DEFINITIONS = (
					"DEBUG=1",
					"$(inherited)",
				);
				GCC_SYMBOLS_PRIVATE_EXTERN = NO;
				GCC_VERSION = com.apple.compilers.llvm.clang.1_0;
				GCC_WARN_64_TO_32_BIT_CONVERSION = YES;
				GCC_WARN_ABOUT_MISSING_PROTOTYPES = YES;
				GCC_WARN_ABOUT_RETURN_TYPE = YES;
				GCC_WARN_UNUSED_VARIABLE = YES;
				MACOSX_DEPLOYMENT_TARGET = 10.6;
				ONLY_ACTIVE_ARCH = YES;
				SDKROOT = macosx;
			};
			name = Debug;
		};
		BF2696F014439E04002BA0F1 /* Release */ = {
			isa = XCBuildConfiguration;
			buildSettings = {
				ALWAYS_SEARCH_USER_PATHS = NO;
				ARCHS = "$(ARCHS_STANDARD_32_64_BIT)";
				COPY_PHASE_STRIP = YES;
				DEBUG_INFORMATION_FORMAT = "dwarf-with-dsym";
				GCC_C_LANGUAGE_STANDARD = gnu99;
				GCC_ENABLE_OBJC_EXCEPTIONS = YES;
				GCC_VERSION = com.apple.compilers.llvm.clang.1_0;
				GCC_WARN_64_TO_32_BIT_CONVERSION = YES;
				GCC_WARN_ABOUT_MISSING_PROTOTYPES = YES;
				GCC_WARN_ABOUT_RETURN_TYPE = YES;
				GCC_WARN_UNUSED_VARIABLE = YES;
				MACOSX_DEPLOYMENT_TARGET = 10.6;
				SDKROOT = macosx;
			};
			name = Release;
		};
		BF2696F214439E04002BA0F1 /* Debug */ = {
			isa = XCBuildConfiguration;
			buildSettings = {
				ALWAYS_SEARCH_USER_PATHS = YES;
				GCC_PRECOMPILE_PREFIX_HEADER = YES;
				GCC_PREFIX_HEADER = "QcumberImporter/QcumberImporter-Prefix.pch";
				INFOPLIST_FILE = "QcumberImporter/QcumberImporter-Info.plist";
				INSTALL_PATH = "@executable_path/../Contents/Library/Spotlight";
				LIBRARY_STYLE = BUNDLE;
				PRODUCT_NAME = "$(TARGET_NAME)";
				SKIP_INSTALL = YES;
				WRAPPER_EXTENSION = mdimporter;
			};
			name = Debug;
		};
		BF2696F314439E04002BA0F1 /* Release */ = {
			isa = XCBuildConfiguration;
			buildSettings = {
				ALWAYS_SEARCH_USER_PATHS = YES;
				GCC_PRECOMPILE_PREFIX_HEADER = YES;
				GCC_PREFIX_HEADER = "QcumberImporter/QcumberImporter-Prefix.pch";
				INFOPLIST_FILE = "QcumberImporter/QcumberImporter-Info.plist";
				INSTALL_PATH = "@executable_path/../Contents/Library/Spotlight";
				LIBRARY_STYLE = BUNDLE;
				PRODUCT_NAME = "$(TARGET_NAME)";
				SKIP_INSTALL = YES;
				WRAPPER_EXTENSION = mdimporter;
			};
			name = Release;
		};
		BF2696F514439E04002BA0F1 /* Debug */ = {
			isa = XCBuildConfiguration;
			buildSettings = {
				CODE_SIGN_ENTITLEMENTS = Qcumber/Qcumber.entitlements;
				CODE_SIGN_IDENTITY = "3rd Party Mac Developer Application";
				GCC_PRECOMPILE_PREFIX_HEADER = YES;
				GCC_PREFIX_HEADER = "Qcumber/Qcumber-Prefix.pch";
				INFOPLIST_FILE = "Qcumber/Qcumber-Info.plist";
				PRODUCT_NAME = "$(TARGET_NAME)";
				WRAPPER_EXTENSION = app;
			};
			name = Debug;
		};
		BF2696F614439E04002BA0F1 /* Release */ = {
			isa = XCBuildConfiguration;
			buildSettings = {
				CODE_SIGN_ENTITLEMENTS = Qcumber/Qcumber.entitlements;
				CODE_SIGN_IDENTITY = "3rd Party Mac Developer Application";
				GCC_PRECOMPILE_PREFIX_HEADER = YES;
				GCC_PREFIX_HEADER = "Qcumber/Qcumber-Prefix.pch";
				INFOPLIST_FILE = "Qcumber/Qcumber-Info.plist";
				PRODUCT_NAME = "$(TARGET_NAME)";
				WRAPPER_EXTENSION = app;
			};
			name = Release;
		};
		BF2696F814439E04002BA0F1 /* Debug */ = {
			isa = XCBuildConfiguration;
			buildSettings = {
				BUNDLE_LOADER = "$(BUILT_PRODUCTS_DIR)/Qcumber.app/Contents/MacOS/Qcumber";
				FRAMEWORK_SEARCH_PATHS = "$(DEVELOPER_LIBRARY_DIR)/Frameworks";
				GCC_PRECOMPILE_PREFIX_HEADER = YES;
				GCC_PREFIX_HEADER = "Qcumber/Qcumber-Prefix.pch";
				INFOPLIST_FILE = "QcumberTests/QcumberTests-Info.plist";
				PRODUCT_NAME = "$(TARGET_NAME)";
				TEST_HOST = "$(BUNDLE_LOADER)";
				WRAPPER_EXTENSION = octest;
			};
			name = Debug;
		};
		BF2696F914439E04002BA0F1 /* Release */ = {
			isa = XCBuildConfiguration;
			buildSettings = {
				BUNDLE_LOADER = "$(BUILT_PRODUCTS_DIR)/Qcumber.app/Contents/MacOS/Qcumber";
				FRAMEWORK_SEARCH_PATHS = "$(DEVELOPER_LIBRARY_DIR)/Frameworks";
				GCC_PRECOMPILE_PREFIX_HEADER = YES;
				GCC_PREFIX_HEADER = "Qcumber/Qcumber-Prefix.pch";
				INFOPLIST_FILE = "QcumberTests/QcumberTests-Info.plist";
				PRODUCT_NAME = "$(TARGET_NAME)";
				TEST_HOST = "$(BUNDLE_LOADER)";
				WRAPPER_EXTENSION = octest;
			};
			name = Release;
		};
/* End XCBuildConfiguration section */

/* Begin XCConfigurationList section */
		BF26969314439E03002BA0F1 /* Build configuration list for PBXProject "Qcumber" */ = {
			isa = XCConfigurationList;
			buildConfigurations = (
				BF2696EF14439E04002BA0F1 /* Debug */,
				BF2696F014439E04002BA0F1 /* Release */,
			);
			defaultConfigurationIsVisible = 0;
			defaultConfigurationName = Release;
		};
		BF2696F114439E04002BA0F1 /* Build configuration list for PBXNativeTarget "QcumberImporter" */ = {
			isa = XCConfigurationList;
			buildConfigurations = (
				BF2696F214439E04002BA0F1 /* Debug */,
				BF2696F314439E04002BA0F1 /* Release */,
			);
			defaultConfigurationIsVisible = 0;
			defaultConfigurationName = Release;
		};
		BF2696F414439E04002BA0F1 /* Build configuration list for PBXNativeTarget "Qcumber" */ = {
			isa = XCConfigurationList;
			buildConfigurations = (
				BF2696F514439E04002BA0F1 /* Debug */,
				BF2696F614439E04002BA0F1 /* Release */,
			);
			defaultConfigurationIsVisible = 0;
			defaultConfigurationName = Release;
		};
		BF2696F714439E04002BA0F1 /* Build configuration list for PBXNativeTarget "QcumberTests" */ = {
			isa = XCConfigurationList;
			buildConfigurations = (
				BF2696F814439E04002BA0F1 /* Debug */,
				BF2696F914439E04002BA0F1 /* Release */,
			);
			defaultConfigurationIsVisible = 0;
			defaultConfigurationName = Release;
		};
/* End XCConfigurationList section */

/* Begin XCVersionGroup section */
		BF2696B814439E04002BA0F1 /* QTimetable.xcdatamodeld */ = {
			isa = XCVersionGroup;
			children = (
				BF2696B914439E04002BA0F1 /* QTimetable.xcdatamodel */,
			);
			currentVersion = BF2696B914439E04002BA0F1 /* QTimetable.xcdatamodel */;
			path = QTimetable.xcdatamodeld;
			sourceTree = "<group>";
			versionGroupType = wrapper.xcdatamodel;
		};
/* End XCVersionGroup section */
	};
	rootObject = BF26969014439E03002BA0F1 /* Project object */;
}
